
Microsoft Visual Studio Solution File, Format Version 12.00
# Visual Studio Version 17
VisualStudioVersion = 17.12.35527.113 d17.12
MinimumVisualStudioVersion = 10.0.40219.1
Project("{FAE04EC0-301F-11D3-BF4B-00C04F79EFBC}") = "ProductApi.Domain", "ProductApi.Domain\ProductApi.Domain.csproj", "{FA1CA10A-F574-4285-9065-F36081BF7F9F}"
EndProject
Project("{FAE04EC0-301F-11D3-BF4B-00C04F79EFBC}") = "ProductApi.Application", "ProductApi.Application\ProductApi.Application.csproj", "{476A15E5-883D-4513-B691-C4D255EE2BBC}"
EndProject
Project("{FAE04EC0-301F-11D3-BF4B-00C04F79EFBC}") = "ProductApi.Infrastructure", "ProductApi.Infrastructure\ProductApi.Infrastructure.csproj", "{5EDC46CC-7926-4E73-B5E3-343227750362}"
EndProject
Project("{FAE04EC0-301F-11D3-BF4B-00C04F79EFBC}") = "ProductApi.Presentation", "ProductApi.Presentation\ProductApi.Presentation.csproj", "{58FD1BB0-BC09-42FE-BC79-B1AD60B7CA71}"
EndProject
Project("{FAE04EC0-301F-11D3-BF4B-00C04F79EFBC}") = "OrderManagment.SharedLibrary", "..\OrderManagmentSystem.SharedLibrary\OrderManagment.SharedLibrary\OrderManagment.SharedLibrary.csproj", "{2D75A690-8DBF-431E-A495-16A4D6C32C0D}"
EndProject
Global
	GlobalSection(SolutionConfigurationPlatforms) = preSolution
		Debug|Any CPU = Debug|Any CPU
		Release|Any CPU = Release|Any CPU
	EndGlobalSection
	GlobalSection(ProjectConfigurationPlatforms) = postSolution
		{FA1CA10A-F574-4285-9065-F36081BF7F9F}.Debug|Any CPU.ActiveCfg = Debug|Any CPU
		{FA1CA10A-F574-4285-9065-F36081BF7F9F}.Debug|Any CPU.Build.0 = Debug|Any CPU
		{FA1CA10A-F574-4285-9065-F36081BF7F9F}.Release|Any CPU.ActiveCfg = Release|Any CPU
		{FA1CA10A-F574-4285-9065-F36081BF7F9F}.Release|Any CPU.Build.0 = Release|Any CPU
		{476A15E5-883D-4513-B691-C4D255EE2BBC}.Debug|Any CPU.ActiveCfg = Debug|Any CPU
		{476A15E5-883D-4513-B691-C4D255EE2BBC}.Debug|Any CPU.Build.0 = Debug|Any CPU
		{476A15E5-883D-4513-B691-C4D255EE2BBC}.Release|Any CPU.ActiveCfg = Release|Any CPU
		{476A15E5-883D-4513-B691-C4D255EE2BBC}.Release|Any CPU.Build.0 = Release|Any CPU
		{5EDC46CC-7926-4E73-B5E3-343227750362}.Debug|Any CPU.ActiveCfg = Debug|Any CPU
		{5EDC46CC-7926-4E73-B5E3-343227750362}.Debug|Any CPU.Build.0 = Debug|Any CPU
		{5EDC46CC-7926-4E73-B5E3-343227750362}.Release|Any CPU.ActiveCfg = Release|Any CPU
		{5EDC46CC-7926-4E73-B5E3-343227750362}.Release|Any CPU.Build.0 = Release|Any CPU
		{58FD1BB0-BC09-42FE-BC79-B1AD60B7CA71}.Debug|Any CPU.ActiveCfg = Debug|Any CPU
		{58FD1BB0-BC09-42FE-BC79-B1AD60B7CA71}.Debug|Any CPU.Build.0 = Debug|Any CPU
		{58FD1BB0-BC09-42FE-BC79-B1AD60B7CA71}.Release|Any CPU.ActiveCfg = Release|Any CPU
		{58FD1BB0-BC09-42FE-BC79-B1AD60B7CA71}.Release|Any CPU.Build.0 = Release|Any CPU
		{2D75A690-8DBF-431E-A495-16A4D6C32C0D}.Debug|Any CPU.ActiveCfg = Debug|Any CPU
		{2D75A690-8DBF-431E-A495-16A4D6C32C0D}.Debug|Any CPU.Build.0 = Debug|Any CPU
		{2D75A690-8DBF-431E-A495-16A4D6C32C0D}.Release|Any CPU.ActiveCfg = Release|Any CPU
		{2D75A690-8DBF-431E-A495-16A4D6C32C0D}.Release|Any CPU.Build.0 = Release|Any CPU
	EndGlobalSection
	GlobalSection(SolutionProperties) = preSolution
		HideSolutionNode = FALSE
	EndGlobalSection
EndGlobal
