
Microsoft Visual Studio Solution File, Format Version 12.00
# Visual Studio Version 17
VisualStudioVersion = 17.12.35527.113 d17.12
MinimumVisualStudioVersion = 10.0.40219.1
Project("{FAE04EC0-301F-11D3-BF4B-00C04F79EFBC}") = "OrderApi.Domain", "OrderApi.Domain\OrderApi.Domain.csproj", "{459591A7-375F-4304-9E0B-3138A0DB294E}"
EndProject
Project("{FAE04EC0-301F-11D3-BF4B-00C04F79EFBC}") = "OrderApi.Application", "OrderApi.Application\OrderApi.Application.csproj", "{57762F40-6D96-48A6-83D2-C1EF9FE4C183}"
EndProject
Project("{FAE04EC0-301F-11D3-BF4B-00C04F79EFBC}") = "OrderApi.Infrastructure", "OrderApi.Infrastructure\OrderApi.Infrastructure.csproj", "{A520A314-FBD7-4EEF-B0B8-BEA2B4632706}"
EndProject
Project("{FAE04EC0-301F-11D3-BF4B-00C04F79EFBC}") = "OrderApi.Presentation", "OrderApi.Presentation\OrderApi.Presentation.csproj", "{3A51124D-1EE9-443B-96E5-8C633FC13A85}"
EndProject
Project("{FAE04EC0-301F-11D3-BF4B-00C04F79EFBC}") = "OrderManagment.SharedLibrary", "..\OrderManagmentSystem.SharedLibrary\OrderManagment.SharedLibrary\OrderManagment.SharedLibrary.csproj", "{CDDA6DB1-3EDE-42E5-B6FC-93D9D2D2811D}"
EndProject
Global
	GlobalSection(SolutionConfigurationPlatforms) = preSolution
		Debug|Any CPU = Debug|Any CPU
		Release|Any CPU = Release|Any CPU
	EndGlobalSection
	GlobalSection(ProjectConfigurationPlatforms) = postSolution
		{459591A7-375F-4304-9E0B-3138A0DB294E}.Debug|Any CPU.ActiveCfg = Debug|Any CPU
		{459591A7-375F-4304-9E0B-3138A0DB294E}.Debug|Any CPU.Build.0 = Debug|Any CPU
		{459591A7-375F-4304-9E0B-3138A0DB294E}.Release|Any CPU.ActiveCfg = Release|Any CPU
		{459591A7-375F-4304-9E0B-3138A0DB294E}.Release|Any CPU.Build.0 = Release|Any CPU
		{57762F40-6D96-48A6-83D2-C1EF9FE4C183}.Debug|Any CPU.ActiveCfg = Debug|Any CPU
		{57762F40-6D96-48A6-83D2-C1EF9FE4C183}.Debug|Any CPU.Build.0 = Debug|Any CPU
		{57762F40-6D96-48A6-83D2-C1EF9FE4C183}.Release|Any CPU.ActiveCfg = Release|Any CPU
		{57762F40-6D96-48A6-83D2-C1EF9FE4C183}.Release|Any CPU.Build.0 = Release|Any CPU
		{A520A314-FBD7-4EEF-B0B8-BEA2B4632706}.Debug|Any CPU.ActiveCfg = Debug|Any CPU
		{A520A314-FBD7-4EEF-B0B8-BEA2B4632706}.Debug|Any CPU.Build.0 = Debug|Any CPU
		{A520A314-FBD7-4EEF-B0B8-BEA2B4632706}.Release|Any CPU.ActiveCfg = Release|Any CPU
		{A520A314-FBD7-4EEF-B0B8-BEA2B4632706}.Release|Any CPU.Build.0 = Release|Any CPU
		{3A51124D-1EE9-443B-96E5-8C633FC13A85}.Debug|Any CPU.ActiveCfg = Debug|Any CPU
		{3A51124D-1EE9-443B-96E5-8C633FC13A85}.Debug|Any CPU.Build.0 = Debug|Any CPU
		{3A51124D-1EE9-443B-96E5-8C633FC13A85}.Release|Any CPU.ActiveCfg = Release|Any CPU
		{3A51124D-1EE9-443B-96E5-8C633FC13A85}.Release|Any CPU.Build.0 = Release|Any CPU
		{CDDA6DB1-3EDE-42E5-B6FC-93D9D2D2811D}.Debug|Any CPU.ActiveCfg = Debug|Any CPU
		{CDDA6DB1-3EDE-42E5-B6FC-93D9D2D2811D}.Debug|Any CPU.Build.0 = Debug|Any CPU
		{CDDA6DB1-3EDE-42E5-B6FC-93D9D2D2811D}.Release|Any CPU.ActiveCfg = Release|Any CPU
		{CDDA6DB1-3EDE-42E5-B6FC-93D9D2D2811D}.Release|Any CPU.Build.0 = Release|Any CPU
	EndGlobalSection
	GlobalSection(SolutionProperties) = preSolution
		HideSolutionNode = FALSE
	EndGlobalSection
EndGlobal
